
Microsoft Visual Studio Solution File, Format Version 12.00
# Visual Studio 14
VisualStudioVersion = 14.0.25420.1
MinimumVisualStudioVersion = 10.0.40219.1
Project("{FAE04EC0-301F-11D3-BF4B-00C04F79EFBC}") = "MeusJogos", "MeusJogos\MeusJogos.csproj", "{C6CCA649-2A6E-405F-989E-4F2186C9FAC5}"
EndProject
Project("{2150E333-8FDC-42A3-9474-1A3956D46DE8}") = "Tutorial", "Tutorial", "{3EADF447-6766-4C4B-B486-5307CDCC8E73}"
	ProjectSection(SolutionItems) = preProject
		TecnologiasUtilizadas.txt = TecnologiasUtilizadas.txt
	EndProjectSection
EndProject
Project("{2150E333-8FDC-42A3-9474-1A3956D46DE8}") = "1-Apresentation", "1-Apresentation", "{EF3050C3-18DE-4DF8-A246-9CAB34CD63D8}"
EndProject
Project("{2150E333-8FDC-42A3-9474-1A3956D46DE8}") = "2-Services", "2-Services", "{0165DD66-301B-41D9-9EFC-35622329BCB8}"
EndProject
Project("{2150E333-8FDC-42A3-9474-1A3956D46DE8}") = "3-Application", "3-Application", "{BAC6E502-F21F-47D8-AA66-A24646D57C27}"
EndProject
Project("{2150E333-8FDC-42A3-9474-1A3956D46DE8}") = "4-Domain", "4-Domain", "{960474D1-31B3-4C2B-B115-E3D0B78186C2}"
EndProject
Project("{2150E333-8FDC-42A3-9474-1A3956D46DE8}") = "5-Infra", "5-Infra", "{2D111C46-5DE0-487F-826C-26F494AB2D6B}"
EndProject
Project("{2150E333-8FDC-42A3-9474-1A3956D46DE8}") = "5.1-Data", "5.1-Data", "{268F5B45-F907-4570-994F-5E8059DA4568}"
EndProject
Project("{2150E333-8FDC-42A3-9474-1A3956D46DE8}") = "5.2-CrossCutting", "5.2-CrossCutting", "{C6AED7B4-9A62-4E4E-A874-FA8FB2350F4D}"
EndProject
Project("{FAE04EC0-301F-11D3-BF4B-00C04F79EFBC}") = "MeusJogos.Infra.Data", "MeusJogos.Infra.Data\MeusJogos.Infra.Data.csproj", "{2CE8B57F-585F-4387-BE55-04B39E81627B}"
EndProject
Project("{FAE04EC0-301F-11D3-BF4B-00C04F79EFBC}") = "MeusJogos.Domain", "MeusJogos.Domain\MeusJogos.Domain.csproj", "{DA8E0B85-08D9-454A-B083-543B0529056B}"
EndProject
Project("{FAE04EC0-301F-11D3-BF4B-00C04F79EFBC}") = "MeusJogos.Application", "MeusJogos.Application\MeusJogos.Application.csproj", "{F4EE78E1-A275-4556-9F91-EEBECE1C6680}"
EndProject
Global
	GlobalSection(SolutionConfigurationPlatforms) = preSolution
		Debug|Any CPU = Debug|Any CPU
		Release|Any CPU = Release|Any CPU
	EndGlobalSection
	GlobalSection(ProjectConfigurationPlatforms) = postSolution
		{C6CCA649-2A6E-405F-989E-4F2186C9FAC5}.Debug|Any CPU.ActiveCfg = Debug|Any CPU
		{C6CCA649-2A6E-405F-989E-4F2186C9FAC5}.Debug|Any CPU.Build.0 = Debug|Any CPU
		{C6CCA649-2A6E-405F-989E-4F2186C9FAC5}.Release|Any CPU.ActiveCfg = Release|Any CPU
		{C6CCA649-2A6E-405F-989E-4F2186C9FAC5}.Release|Any CPU.Build.0 = Release|Any CPU
		{2CE8B57F-585F-4387-BE55-04B39E81627B}.Debug|Any CPU.ActiveCfg = Debug|Any CPU
		{2CE8B57F-585F-4387-BE55-04B39E81627B}.Debug|Any CPU.Build.0 = Debug|Any CPU
		{2CE8B57F-585F-4387-BE55-04B39E81627B}.Release|Any CPU.ActiveCfg = Release|Any CPU
		{2CE8B57F-585F-4387-BE55-04B39E81627B}.Release|Any CPU.Build.0 = Release|Any CPU
		{DA8E0B85-08D9-454A-B083-543B0529056B}.Debug|Any CPU.ActiveCfg = Debug|Any CPU
		{DA8E0B85-08D9-454A-B083-543B0529056B}.Debug|Any CPU.Build.0 = Debug|Any CPU
		{DA8E0B85-08D9-454A-B083-543B0529056B}.Release|Any CPU.ActiveCfg = Release|Any CPU
		{DA8E0B85-08D9-454A-B083-543B0529056B}.Release|Any CPU.Build.0 = Release|Any CPU
		{F4EE78E1-A275-4556-9F91-EEBECE1C6680}.Debug|Any CPU.ActiveCfg = Debug|Any CPU
		{F4EE78E1-A275-4556-9F91-EEBECE1C6680}.Debug|Any CPU.Build.0 = Debug|Any CPU
		{F4EE78E1-A275-4556-9F91-EEBECE1C6680}.Release|Any CPU.ActiveCfg = Release|Any CPU
		{F4EE78E1-A275-4556-9F91-EEBECE1C6680}.Release|Any CPU.Build.0 = Release|Any CPU
	EndGlobalSection
	GlobalSection(SolutionProperties) = preSolution
		HideSolutionNode = FALSE
	EndGlobalSection
	GlobalSection(NestedProjects) = preSolution
		{C6CCA649-2A6E-405F-989E-4F2186C9FAC5} = {EF3050C3-18DE-4DF8-A246-9CAB34CD63D8}
		{268F5B45-F907-4570-994F-5E8059DA4568} = {2D111C46-5DE0-487F-826C-26F494AB2D6B}
		{C6AED7B4-9A62-4E4E-A874-FA8FB2350F4D} = {2D111C46-5DE0-487F-826C-26F494AB2D6B}
		{2CE8B57F-585F-4387-BE55-04B39E81627B} = {268F5B45-F907-4570-994F-5E8059DA4568}
		{DA8E0B85-08D9-454A-B083-543B0529056B} = {960474D1-31B3-4C2B-B115-E3D0B78186C2}
		{F4EE78E1-A275-4556-9F91-EEBECE1C6680} = {BAC6E502-F21F-47D8-AA66-A24646D57C27}
	EndGlobalSection
EndGlobal
